
Microsoft Visual Studio Solution File, Format Version 12.00
# Visual Studio Version 16
VisualStudioVersion = 16.0.30804.86
MinimumVisualStudioVersion = 10.0.40219.1
Project("{FAE04EC0-301F-11D3-BF4B-00C04F79EFBC}") = "ViteDotnetCore5", "ViteDotnetCore5\ViteDotnetCore5.csproj", "{374589E6-EF34-4685-ABEE-5129E73579DA}"
EndProject
Global
	GlobalSection(SolutionConfigurationPlatforms) = preSolution
		Debug|Any CPU = Debug|Any CPU
		Release|Any CPU = Release|Any CPU
	EndGlobalSection
	GlobalSection(ProjectConfigurationPlatforms) = postSolution
		{374589E6-EF34-4685-ABEE-5129E73579DA}.Debug|Any CPU.ActiveCfg = Debug|Any CPU
		{374589E6-EF34-4685-ABEE-5129E73579DA}.Debug|Any CPU.Build.0 = Debug|Any CPU
		{374589E6-EF34-4685-ABEE-5129E73579DA}.Release|Any CPU.ActiveCfg = Release|Any CPU
		{374589E6-EF34-4685-ABEE-5129E73579DA}.Release|Any CPU.Build.0 = Release|Any CPU
	EndGlobalSection
	GlobalSection(SolutionProperties) = preSolution
		HideSolutionNode = FALSE
	EndGlobalSection
	GlobalSection(ExtensibilityGlobals) = postSolution
		SolutionGuid = {F955259C-C4FD-4B65-BD5D-38E8A1F6AE9D}
	EndGlobalSection
EndGlobal
